
Microsoft Visual Studio Solution File, Format Version 12.00
# Visual Studio 15
Project("{FAE04EC0-301F-11D3-BF4B-00C04F79EFBC}") = "Assembly-CSharp", "Assembly-CSharp.csproj", "{1A84C564-83CB-FDB8-B16E-31558F7BF0F7}"
EndProject
Project("{FAE04EC0-301F-11D3-BF4B-00C04F79EFBC}") = "Assembly-CSharp-Editor", "Assembly-CSharp-Editor.csproj", "{0FF63E83-898F-EFBD-32EC-0EFC7384AD6A}"
EndProject
Global
	GlobalSection(SolutionConfigurationPlatforms) = preSolution
		Debug|Any CPU = Debug|Any CPU
		Release|Any CPU = Release|Any CPU
	EndGlobalSection
	GlobalSection(ProjectConfigurationPlatforms) = postSolution
		{1A84C564-83CB-FDB8-B16E-31558F7BF0F7}.Debug|Any CPU.ActiveCfg = Debug|Any CPU
		{1A84C564-83CB-FDB8-B16E-31558F7BF0F7}.Debug|Any CPU.Build.0 = Debug|Any CPU
		{1A84C564-83CB-FDB8-B16E-31558F7BF0F7}.Release|Any CPU.ActiveCfg = Release|Any CPU
		{1A84C564-83CB-FDB8-B16E-31558F7BF0F7}.Release|Any CPU.Build.0 = Release|Any CPU
		{0FF63E83-898F-EFBD-32EC-0EFC7384AD6A}.Debug|Any CPU.ActiveCfg = Debug|Any CPU
		{0FF63E83-898F-EFBD-32EC-0EFC7384AD6A}.Debug|Any CPU.Build.0 = Debug|Any CPU
		{0FF63E83-898F-EFBD-32EC-0EFC7384AD6A}.Release|Any CPU.ActiveCfg = Release|Any CPU
		{0FF63E83-898F-EFBD-32EC-0EFC7384AD6A}.Release|Any CPU.Build.0 = Release|Any CPU
	EndGlobalSection
	GlobalSection(SolutionProperties) = preSolution
		HideSolutionNode = FALSE
	EndGlobalSection
EndGlobal
